
Microsoft Visual Studio Solution File, Format Version 12.00
# Visual Studio Version 16
VisualStudioVersion = 16.0.31105.61
MinimumVisualStudioVersion = 10.0.40219.1
Project("{FAE04EC0-301F-11D3-BF4B-00C04F79EFBC}") = "vsReact", "vsReact\vsReact.csproj", "{D13AD799-A870-4EE1-A106-463FAE2F6CCE}"
EndProject
Global
	GlobalSection(SolutionConfigurationPlatforms) = preSolution
		Debug|Any CPU = Debug|Any CPU
		Release|Any CPU = Release|Any CPU
	EndGlobalSection
	GlobalSection(ProjectConfigurationPlatforms) = postSolution
		{D13AD799-A870-4EE1-A106-463FAE2F6CCE}.Debug|Any CPU.ActiveCfg = Debug|Any CPU
		{D13AD799-A870-4EE1-A106-463FAE2F6CCE}.Debug|Any CPU.Build.0 = Debug|Any CPU
		{D13AD799-A870-4EE1-A106-463FAE2F6CCE}.Release|Any CPU.ActiveCfg = Release|Any CPU
		{D13AD799-A870-4EE1-A106-463FAE2F6CCE}.Release|Any CPU.Build.0 = Release|Any CPU
	EndGlobalSection
	GlobalSection(SolutionProperties) = preSolution
		HideSolutionNode = FALSE
	EndGlobalSection
	GlobalSection(ExtensibilityGlobals) = postSolution
		SolutionGuid = {16BFBF7A-8A65-47D0-AD6C-0F146A1907A3}
	EndGlobalSection
EndGlobal
